
Microsoft Visual Studio Solution File, Format Version 12.00
# Visual Studio Version 16
VisualStudioVersion = 16.0.31515.178
MinimumVisualStudioVersion = 10.0.40219.1
Project("{9A19103F-16F7-4668-BE54-9A1E7A4F7556}") = "employeeManagement", "employeeManagement\employeeManagement.csproj", "{53A9C9A4-BECB-4E81-8506-0EC1FA5D88BB}"
EndProject
Project("{FAE04EC0-301F-11D3-BF4B-00C04F79EFBC}") = "employeeManagementTests", "employeeManagementTests\employeeManagementTests.csproj", "{BCA3E09D-B983-4C64-89CD-74FEE49ED181}"
EndProject
Global
	GlobalSection(SolutionConfigurationPlatforms) = preSolution
		Debug|Any CPU = Debug|Any CPU
		Release|Any CPU = Release|Any CPU
	EndGlobalSection
	GlobalSection(ProjectConfigurationPlatforms) = postSolution
		{53A9C9A4-BECB-4E81-8506-0EC1FA5D88BB}.Debug|Any CPU.ActiveCfg = Debug|Any CPU
		{53A9C9A4-BECB-4E81-8506-0EC1FA5D88BB}.Debug|Any CPU.Build.0 = Debug|Any CPU
		{53A9C9A4-BECB-4E81-8506-0EC1FA5D88BB}.Release|Any CPU.ActiveCfg = Release|Any CPU
		{53A9C9A4-BECB-4E81-8506-0EC1FA5D88BB}.Release|Any CPU.Build.0 = Release|Any CPU
		{BCA3E09D-B983-4C64-89CD-74FEE49ED181}.Debug|Any CPU.ActiveCfg = Debug|Any CPU
		{BCA3E09D-B983-4C64-89CD-74FEE49ED181}.Debug|Any CPU.Build.0 = Debug|Any CPU
		{BCA3E09D-B983-4C64-89CD-74FEE49ED181}.Release|Any CPU.ActiveCfg = Release|Any CPU
		{BCA3E09D-B983-4C64-89CD-74FEE49ED181}.Release|Any CPU.Build.0 = Release|Any CPU
	EndGlobalSection
	GlobalSection(SolutionProperties) = preSolution
		HideSolutionNode = FALSE
	EndGlobalSection
	GlobalSection(ExtensibilityGlobals) = postSolution
		SolutionGuid = {91C9936C-2529-44F2-8160-1E4F8E529429}
	EndGlobalSection
EndGlobal
